// !$*UTF8*$!
{
	archiveVersion = 1;
	classes = {
	};
	objectVersion = 46;
	objects = {

/* Begin PBXBuildFile section */
		3E123C869F0DD948A9D3FE1D /* Pods_MarsWeather.framework in Frameworks */ = {isa = PBXBuildFile; fileRef = CCFEAD873CA85A93F209E4A2 /* Pods_MarsWeather.framework */; };
		57940FEB1F6D1DB1005F25A4 /* AppDelegate.swift in Sources */ = {isa = PBXBuildFile; fileRef = 57940FEA1F6D1DB1005F25A4 /* AppDelegate.swift */; };
		57940FED1F6D1DB1005F25A4 /* ViewController.swift in Sources */ = {isa = PBXBuildFile; fileRef = 57940FEC1F6D1DB1005F25A4 /* ViewController.swift */; };
		57940FF01F6D1DB1005F25A4 /* Main.storyboard in Resources */ = {isa = PBXBuildFile; fileRef = 57940FEE1F6D1DB1005F25A4 /* Main.storyboard */; };
		57940FF21F6D1DB1005F25A4 /* Assets.xcassets in Resources */ = {isa = PBXBuildFile; fileRef = 57940FF11F6D1DB1005F25A4 /* Assets.xcassets */; };
		57940FF51F6D1DB1005F25A4 /* LaunchScreen.storyboard in Resources */ = {isa = PBXBuildFile; fileRef = 57940FF31F6D1DB1005F25A4 /* LaunchScreen.storyboard */; };
		579410001F6D201F005F25A4 /* Router.swift in Sources */ = {isa = PBXBuildFile; fileRef = 57940FFF1F6D201F005F25A4 /* Router.swift */; };
		579410021F6D20BF005F25A4 /* Weather.swift in Sources */ = {isa = PBXBuildFile; fileRef = 579410011F6D20BF005F25A4 /* Weather.swift */; };
		579410041F6D248B005F25A4 /* README.md in Sources */ = {isa = PBXBuildFile; fileRef = 579410031F6D248B005F25A4 /* README.md */; };
		579410061F6D3E01005F25A4 /* ArchiveViewController.swift in Sources */ = {isa = PBXBuildFile; fileRef = 579410051F6D3E01005F25A4 /* ArchiveViewController.swift */; };
		579410081F6D5248005F25A4 /* ExpandedArchiveTableViewCell.swift in Sources */ = {isa = PBXBuildFile; fileRef = 579410071F6D5248005F25A4 /* ExpandedArchiveTableViewCell.swift */; };
		5794100C1F6D5544005F25A4 /* CustomUILabel.swift in Sources */ = {isa = PBXBuildFile; fileRef = 5794100B1F6D5544005F25A4 /* CustomUILabel.swift */; };
/* End PBXBuildFile section */

/* Begin PBXFileReference section */
		12EE10A0578533219AB1BECF /* Pods-MarsWeather.debug.xcconfig */ = {isa = PBXFileReference; includeInIndex = 1; lastKnownFileType = text.xcconfig; name = "Pods-MarsWeather.debug.xcconfig"; path = "Pods/Target Support Files/Pods-MarsWeather/Pods-MarsWeather.debug.xcconfig"; sourceTree = "<group>"; };
		57940FE71F6D1DB1005F25A4 /* MarsWeather.app */ = {isa = PBXFileReference; explicitFileType = wrapper.application; includeInIndex = 0; path = MarsWeather.app; sourceTree = BUILT_PRODUCTS_DIR; };
		57940FEA1F6D1DB1005F25A4 /* AppDelegate.swift */ = {isa = PBXFileReference; lastKnownFileType = sourcecode.swift; path = AppDelegate.swift; sourceTree = "<group>"; };
		57940FEC1F6D1DB1005F25A4 /* ViewController.swift */ = {isa = PBXFileReference; lastKnownFileType = sourcecode.swift; path = ViewController.swift; sourceTree = "<group>"; };
		57940FEF1F6D1DB1005F25A4 /* Base */ = {isa = PBXFileReference; lastKnownFileType = file.storyboard; name = Base; path = Base.lproj/Main.storyboard; sourceTree = "<group>"; };
		57940FF11F6D1DB1005F25A4 /* Assets.xcassets */ = {isa = PBXFileReference; lastKnownFileType = folder.assetcatalog; path = Assets.xcassets; sourceTree = "<group>"; };
		57940FF41F6D1DB1005F25A4 /* Base */ = {isa = PBXFileReference; lastKnownFileType = file.storyboard; name = Base; path = Base.lproj/LaunchScreen.storyboard; sourceTree = "<group>"; };
		57940FF61F6D1DB1005F25A4 /* Info.plist */ = {isa = PBXFileReference; lastKnownFileType = text.plist.xml; path = Info.plist; sourceTree = "<group>"; };
		57940FFF1F6D201F005F25A4 /* Router.swift */ = {isa = PBXFileReference; fileEncoding = 4; lastKnownFileType = sourcecode.swift; path = Router.swift; sourceTree = "<group>"; };
		579410011F6D20BF005F25A4 /* Weather.swift */ = {isa = PBXFileReference; fileEncoding = 4; lastKnownFileType = sourcecode.swift; path = Weather.swift; sourceTree = "<group>"; };
		579410031F6D248B005F25A4 /* README.md */ = {isa = PBXFileReference; fileEncoding = 4; lastKnownFileType = net.daringfireball.markdown; path = README.md; sourceTree = "<group>"; };
		579410051F6D3E01005F25A4 /* ArchiveViewController.swift */ = {isa = PBXFileReference; fileEncoding = 4; lastKnownFileType = sourcecode.swift; path = ArchiveViewController.swift; sourceTree = "<group>"; };
		579410071F6D5248005F25A4 /* ExpandedArchiveTableViewCell.swift */ = {isa = PBXFileReference; fileEncoding = 4; lastKnownFileType = sourcecode.swift; path = ExpandedArchiveTableViewCell.swift; sourceTree = "<group>"; };
		5794100B1F6D5544005F25A4 /* CustomUILabel.swift */ = {isa = PBXFileReference; fileEncoding = 4; lastKnownFileType = sourcecode.swift; path = CustomUILabel.swift; sourceTree = "<group>"; };
		7ECBBA9C110C8603BCA08C36 /* Pods-MarsWeather.release.xcconfig */ = {isa = PBXFileReference; includeInIndex = 1; lastKnownFileType = text.xcconfig; name = "Pods-MarsWeather.release.xcconfig"; path = "Pods/Target Support Files/Pods-MarsWeather/Pods-MarsWeather.release.xcconfig"; sourceTree = "<group>"; };
		CCFEAD873CA85A93F209E4A2 /* Pods_MarsWeather.framework */ = {isa = PBXFileReference; explicitFileType = wrapper.framework; includeInIndex = 0; path = Pods_MarsWeather.framework; sourceTree = BUILT_PRODUCTS_DIR; };
/* End PBXFileReference section */

/* Begin PBXFrameworksBuildPhase section */
		57940FE41F6D1DB1005F25A4 /* Frameworks */ = {
			isa = PBXFrameworksBuildPhase;
			buildActionMask = 2147483647;
			files = (
				3E123C869F0DD948A9D3FE1D /* Pods_MarsWeather.framework in Frameworks */,
			);
			runOnlyForDeploymentPostprocessing = 0;
		};
/* End PBXFrameworksBuildPhase section */

/* Begin PBXGroup section */
		47505B5609C02751954C596F /* Pods */ = {
			isa = PBXGroup;
			children = (
				12EE10A0578533219AB1BECF /* Pods-MarsWeather.debug.xcconfig */,
				7ECBBA9C110C8603BCA08C36 /* Pods-MarsWeather.release.xcconfig */,
			);
			name = Pods;
			sourceTree = "<group>";
		};
		57940FDE1F6D1DB1005F25A4 = {
			isa = PBXGroup;
			children = (
				57940FE91F6D1DB1005F25A4 /* MarsWeather */,
				57940FE81F6D1DB1005F25A4 /* Products */,
				47505B5609C02751954C596F /* Pods */,
				7D965F16ADAD445FD6C7CD16 /* Frameworks */,
			);
			sourceTree = "<group>";
		};
		57940FE81F6D1DB1005F25A4 /* Products */ = {
			isa = PBXGroup;
			children = (
				57940FE71F6D1DB1005F25A4 /* MarsWeather.app */,
			);
			name = Products;
			sourceTree = "<group>";
		};
		57940FE91F6D1DB1005F25A4 /* MarsWeather */ = {
			isa = PBXGroup;
			children = (
				57940FF61F6D1DB1005F25A4 /* Info.plist */,
				57940FEA1F6D1DB1005F25A4 /* AppDelegate.swift */,
				57940FFC1F6D1F8A005F25A4 /* Controller */,
				57940FFE1F6D1F9C005F25A4 /* Model */,
				57940FFD1F6D1F95005F25A4 /* View */,
				5794100F1F6D68B9005F25A4 /* Router */,
				579410031F6D248B005F25A4 /* README.md */,
			);
			path = MarsWeather;
			sourceTree = "<group>";
		};
		57940FFC1F6D1F8A005F25A4 /* Controller */ = {
			isa = PBXGroup;
			children = (
				57940FEC1F6D1DB1005F25A4 /* ViewController.swift */,
				579410051F6D3E01005F25A4 /* ArchiveViewController.swift */,
			);
			name = Controller;
			sourceTree = "<group>";
		};
		57940FFD1F6D1F95005F25A4 /* View */ = {
			isa = PBXGroup;
			children = (
				57940FEE1F6D1DB1005F25A4 /* Main.storyboard */,
				57940FF11F6D1DB1005F25A4 /* Assets.xcassets */,
				57940FF31F6D1DB1005F25A4 /* LaunchScreen.storyboard */,
				5794100B1F6D5544005F25A4 /* CustomUILabel.swift */,
				579410071F6D5248005F25A4 /* ExpandedArchiveTableViewCell.swift */,
			);
			name = View;
			sourceTree = "<group>";
		};
		57940FFE1F6D1F9C005F25A4 /* Model */ = {
			isa = PBXGroup;
			children = (
				579410011F6D20BF005F25A4 /* Weather.swift */,
			);
			name = Model;
			sourceTree = "<group>";
		};
		5794100F1F6D68B9005F25A4 /* Router */ = {
			isa = PBXGroup;
			children = (
				57940FFF1F6D201F005F25A4 /* Router.swift */,
			);
			name = Router;
			sourceTree = "<group>";
		};
		7D965F16ADAD445FD6C7CD16 /* Frameworks */ = {
			isa = PBXGroup;
			children = (
				CCFEAD873CA85A93F209E4A2 /* Pods_MarsWeather.framework */,
			);
			name = Frameworks;
			sourceTree = "<group>";
		};
/* End PBXGroup section */

/* Begin PBXNativeTarget section */
		57940FE61F6D1DB1005F25A4 /* MarsWeather */ = {
			isa = PBXNativeTarget;
			buildConfigurationList = 57940FF91F6D1DB1005F25A4 /* Build configuration list for PBXNativeTarget "MarsWeather" */;
			buildPhases = (
				099D6C04E7378FAD8F99FB8A /* [CP] Check Pods Manifest.lock */,
				57940FE31F6D1DB1005F25A4 /* Sources */,
				57940FE41F6D1DB1005F25A4 /* Frameworks */,
				57940FE51F6D1DB1005F25A4 /* Resources */,
				F3E65CE057589AFD98741501 /* [CP] Embed Pods Frameworks */,
				92B9BE57DC0F46F2E1282116 /* [CP] Copy Pods Resources */,
			);
			buildRules = (
			);
			dependencies = (
			);
			name = MarsWeather;
			productName = MarsWeather;
			productReference = 57940FE71F6D1DB1005F25A4 /* MarsWeather.app */;
			productType = "com.apple.product-type.application";
		};
/* End PBXNativeTarget section */

/* Begin PBXProject section */
		57940FDF1F6D1DB1005F25A4 /* Project object */ = {
			isa = PBXProject;
			attributes = {
				LastSwiftUpdateCheck = 0830;
				LastUpgradeCheck = 0830;
				ORGANIZATIONNAME = "Enzo Antonino";
				TargetAttributes = {
					57940FE61F6D1DB1005F25A4 = {
						CreatedOnToolsVersion = 8.3.3;
						DevelopmentTeam = 7D9GVK4UXP;
						ProvisioningStyle = Automatic;
					};
				};
			};
			buildConfigurationList = 57940FE21F6D1DB1005F25A4 /* Build configuration list for PBXProject "MarsWeather" */;
			compatibilityVersion = "Xcode 3.2";
			developmentRegion = English;
			hasScannedForEncodings = 0;
			knownRegions = (
				en,
				Base,
			);
			mainGroup = 57940FDE1F6D1DB1005F25A4;
			productRefGroup = 57940FE81F6D1DB1005F25A4 /* Products */;
			projectDirPath = "";
			projectRoot = "";
			targets = (
				57940FE61F6D1DB1005F25A4 /* MarsWeather */,
			);
		};
/* End PBXProject section */

/* Begin PBXResourcesBuildPhase section */
		57940FE51F6D1DB1005F25A4 /* Resources */ = {
			isa = PBXResourcesBuildPhase;
			buildActionMask = 2147483647;
			files = (
				57940FF51F6D1DB1005F25A4 /* LaunchScreen.storyboard in Resources */,
				57940FF21F6D1DB1005F25A4 /* Assets.xcassets in Resources */,
				57940FF01F6D1DB1005F25A4 /* Main.storyboard in Resources */,
			);
			runOnlyForDeploymentPostprocessing = 0;
		};
/* End PBXResourcesBuildPhase section */

/* Begin PBXShellScriptBuildPhase section */
		099D6C04E7378FAD8F99FB8A /* [CP] Check Pods Manifest.lock */ = {
			isa = PBXShellScriptBuildPhase;
			buildActionMask = 2147483647;
			files = (
			);
			inputPaths = (
				"${PODS_PODFILE_DIR_PATH}/Podfile.lock",
				"${PODS_ROOT}/Manifest.lock",
			);
			name = "[CP] Check Pods Manifest.lock";
			outputPaths = (
				"$(DERIVED_FILE_DIR)/Pods-MarsWeather-checkManifestLockResult.txt",
			);
			runOnlyForDeploymentPostprocessing = 0;
			shellPath = /bin/sh;
			shellScript = "diff \"${PODS_PODFILE_DIR_PATH}/Podfile.lock\" \"${PODS_ROOT}/Manifest.lock\" > /dev/null\nif [ $? != 0 ] ; then\n    # print error to STDERR\n    echo \"error: The sandbox is not in sync with the Podfile.lock. Run 'pod install' or update your CocoaPods installation.\" >&2\n    exit 1\nfi\n# This output is used by Xcode 'outputs' to avoid re-running this script phase.\necho \"SUCCESS\" > \"${SCRIPT_OUTPUT_FILE_0}\"\n";
			showEnvVarsInLog = 0;
		};
		92B9BE57DC0F46F2E1282116 /* [CP] Copy Pods Resources */ = {
			isa = PBXShellScriptBuildPhase;
			buildActionMask = 2147483647;
			files = (
			);
			inputPaths = (
			);
			name = "[CP] Copy Pods Resources";
			outputPaths = (
			);
			runOnlyForDeploymentPostprocessing = 0;
			shellPath = /bin/sh;
			shellScript = "\"${SRCROOT}/Pods/Target Support Files/Pods-MarsWeather/Pods-MarsWeather-resources.sh\"\n";
			showEnvVarsInLog = 0;
		};
		F3E65CE057589AFD98741501 /* [CP] Embed Pods Frameworks */ = {
			isa = PBXShellScriptBuildPhase;
			buildActionMask = 2147483647;
			files = (
			);
			inputPaths = (
				"${SRCROOT}/Pods/Target Support Files/Pods-MarsWeather/Pods-MarsWeather-frameworks.sh",
				"${BUILT_PRODUCTS_DIR}/Alamofire/Alamofire.framework",
				"${BUILT_PRODUCTS_DIR}/AlamofireObjectMapper/AlamofireObjectMapper.framework",
				"${BUILT_PRODUCTS_DIR}/ObjectMapper/ObjectMapper.framework",
			);
			name = "[CP] Embed Pods Frameworks";
			outputPaths = (
				"${TARGET_BUILD_DIR}/${FRAMEWORKS_FOLDER_PATH}/Alamofire.framework",
				"${TARGET_BUILD_DIR}/${FRAMEWORKS_FOLDER_PATH}/AlamofireObjectMapper.framework",
				"${TARGET_BUILD_DIR}/${FRAMEWORKS_FOLDER_PATH}/ObjectMapper.framework",
			);
			runOnlyForDeploymentPostprocessing = 0;
			shellPath = /bin/sh;
			shellScript = "\"${SRCROOT}/Pods/Target Support Files/Pods-MarsWeather/Pods-MarsWeather-frameworks.sh\"\n";
			showEnvVarsInLog = 0;
		};
/* End PBXShellScriptBuildPhase section */

/* Begin PBXSourcesBuildPhase section */
		57940FE31F6D1DB1005F25A4 /* Sources */ = {
			isa = PBXSourcesBuildPhase;
			buildActionMask = 2147483647;
			files = (
				579410021F6D20BF005F25A4 /* Weather.swift in Sources */,
				579410081F6D5248005F25A4 /* ExpandedArchiveTableViewCell.swift in Sources */,
				579410061F6D3E01005F25A4 /* ArchiveViewController.swift in Sources */,
				57940FED1F6D1DB1005F25A4 /* ViewController.swift in Sources */,
				579410041F6D248B005F25A4 /* README.md in Sources */,
				5794100C1F6D5544005F25A4 /* CustomUILabel.swift in Sources */,
				579410001F6D201F005F25A4 /* Router.swift in Sources */,
				57940FEB1F6D1DB1005F25A4 /* AppDelegate.swift in Sources */,
			);
			runOnlyForDeploymentPostprocessing = 0;
		};
/* End PBXSourcesBuildPhase section */

/* Begin PBXVariantGroup section */
		57940FEE1F6D1DB1005F25A4 /* Main.storyboard */ = {
			isa = PBXVariantGroup;
			children = (
				57940FEF1F6D1DB1005F25A4 /* Base */,
			);
			name = Main.storyboard;
			sourceTree = "<group>";
		};
		57940FF31F6D1DB1005F25A4 /* LaunchScreen.storyboard */ = {
			isa = PBXVariantGroup;
			children = (
				57940FF41F6D1DB1005F25A4 /* Base */,
			);
			name = LaunchScreen.storyboard;
			sourceTree = "<group>";
		};
/* End PBXVariantGroup section */

/* Begin XCBuildConfiguration section */
		57940FF71F6D1DB1005F25A4 /* Debug */ = {
			isa = XCBuildConfiguration;
			buildSettings = {
				ALWAYS_SEARCH_USER_PATHS = NO;
				CLANG_ANALYZER_NONNULL = YES;
				CLANG_ANALYZER_NUMBER_OBJECT_CONVERSION = YES_AGGRESSIVE;
				CLANG_CXX_LANGUAGE_STANDARD = "gnu++0x";
				CLANG_CXX_LIBRARY = "libc++";
				CLANG_ENABLE_MODULES = YES;
				CLANG_ENABLE_OBJC_ARC = YES;
				CLANG_WARN_BOOL_CONVERSION = YES;
				CLANG_WARN_CONSTANT_CONVERSION = YES;
				CLANG_WARN_DIRECT_OBJC_ISA_USAGE = YES_ERROR;
				CLANG_WARN_DOCUMENTATION_COMMENTS = YES;
				CLANG_WARN_EMPTY_BODY = YES;
				CLANG_WARN_ENUM_CONVERSION = YES;
				CLANG_WARN_INFINITE_RECURSION = YES;
				CLANG_WARN_INT_CONVERSION = YES;
				CLANG_WARN_OBJC_ROOT_CLASS = YES_ERROR;
				CLANG_WARN_SUSPICIOUS_MOVE = YES;
				CLANG_WARN_UNREACHABLE_CODE = YES;
				CLANG_WARN__DUPLICATE_METHOD_MATCH = YES;
				"CODE_SIGN_IDENTITY[sdk=iphoneos*]" = "iPhone Developer";
				COPY_PHASE_STRIP = NO;
				DEBUG_INFORMATION_FORMAT = dwarf;
				ENABLE_STRICT_OBJC_MSGSEND = YES;
				ENABLE_TESTABILITY = YES;
				GCC_C_LANGUAGE_STANDARD = gnu99;
				GCC_DYNAMIC_NO_PIC = NO;
				GCC_NO_COMMON_BLOCKS = YES;
				GCC_OPTIMIZATION_LEVEL = 0;
				GCC_PREPROCESSOR_DEFINITIONS = (
					"DEBUG=1",
					"$(inherited)",
				);
				GCC_WARN_64_TO_32_BIT_CONVERSION = YES;
				GCC_WARN_ABOUT_RETURN_TYPE = YES_ERROR;
				GCC_WARN_UNDECLARED_SELECTOR = YES;
				GCC_WARN_UNINITIALIZED_AUTOS = YES_AGGRESSIVE;
				GCC_WARN_UNUSED_FUNCTION = YES;
				GCC_WARN_UNUSED_VARIABLE = YES;
				IPHONEOS_DEPLOYMENT_TARGET = 10.3;
				MTL_ENABLE_DEBUG_INFO = YES;
				ONLY_ACTIVE_ARCH = YES;
				SDKROOT = iphoneos;
				SWIFT_ACTIVE_COMPILATION_CONDITIONS = DEBUG;
				SWIFT_OPTIMIZATION_LEVEL = "-Onone";
				TARGETED_DEVICE_FAMILY = "1,2";
			};
			name = Debug;
		};
		57940FF81F6D1DB1005F25A4 /* Release */ = {
			isa = XCBuildConfiguration;
			buildSettings = {
				ALWAYS_SEARCH_USER_PATHS = NO;
				CLANG_ANALYZER_NONNULL = YES;
				CLANG_ANALYZER_NUMBER_OBJECT_CONVERSION = YES_AGGRESSIVE;
				CLANG_CXX_LANGUAGE_STANDARD = "gnu++0x";
				CLANG_CXX_LIBRARY = "libc++";
				CLANG_ENABLE_MODULES = YES;
				CLANG_ENABLE_OBJC_ARC = YES;
				CLANG_WARN_BOOL_CONVERSION = YES;
				CLANG_WARN_CONSTANT_CONVERSION = YES;
				CLANG_WARN_DIRECT_OBJC_ISA_USAGE = YES_ERROR;
				CLANG_WARN_DOCUMENTATION_COMMENTS = YES;
				CLANG_WARN_EMPTY_BODY = YES;
				CLANG_WARN_ENUM_CONVERSION = YES;
				CLANG_WARN_INFINITE_RECURSION = YES;
				CLANG_WARN_INT_CONVERSION = YES;
				CLANG_WARN_OBJC_ROOT_CLASS = YES_ERROR;
				CLANG_WARN_SUSPICIOUS_MOVE = YES;
				CLANG_WARN_UNREACHABLE_CODE = YES;
				CLANG_WARN__DUPLICATE_METHOD_MATCH = YES;
				"CODE_SIGN_IDENTITY[sdk=iphoneos*]" = "iPhone Developer";
				COPY_PHASE_STRIP = NO;
				DEBUG_INFORMATION_FORMAT = "dwarf-with-dsym";
				ENABLE_NS_ASSERTIONS = NO;
				ENABLE_STRICT_OBJC_MSGSEND = YES;
				GCC_C_LANGUAGE_STANDARD = gnu99;
				GCC_NO_COMMON_BLOCKS = YES;
				GCC_WARN_64_TO_32_BIT_CONVERSION = YES;
				GCC_WARN_ABOUT_RETURN_TYPE = YES_ERROR;
				GCC_WARN_UNDECLARED_SELECTOR = YES;
				GCC_WARN_UNINITIALIZED_AUTOS = YES_AGGRESSIVE;
				GCC_WARN_UNUSED_FUNCTION = YES;
				GCC_WARN_UNUSED_VARIABLE = YES;
				IPHONEOS_DEPLOYMENT_TARGET = 10.3;
				MTL_ENABLE_DEBUG_INFO = NO;
				SDKROOT = iphoneos;
				SWIFT_OPTIMIZATION_LEVEL = "-Owholemodule";
				TARGETED_DEVICE_FAMILY = "1,2";
				VALIDATE_PRODUCT = YES;
			};
			name = Release;
		};
		57940FFA1F6D1DB1005F25A4 /* Debug */ = {
			isa = XCBuildConfiguration;
			baseConfigurationReference = 12EE10A0578533219AB1BECF /* Pods-MarsWeather.debug.xcconfig */;
			buildSettings = {
				ASSETCATALOG_COMPILER_APPICON_NAME = AppIcon;
				DEVELOPMENT_TEAM = 7D9GVK4UXP;
				INFOPLIST_FILE = MarsWeather/Info.plist;
				LD_RUNPATH_SEARCH_PATHS = "$(inherited) @executable_path/Frameworks";
				PRODUCT_BUNDLE_IDENTIFIER = it.enzoantonino.MarsWeather;
				PRODUCT_NAME = "$(TARGET_NAME)";
				SWIFT_VERSION = 3.0;
			};
			name = Debug;
		};
		57940FFB1F6D1DB1005F25A4 /* Release */ = {
			isa = XCBuildConfiguration;
			baseConfigurationReference = 7ECBBA9C110C8603BCA08C36 /* Pods-MarsWeather.release.xcconfig */;
			buildSettings = {
				ASSETCATALOG_COMPILER_APPICON_NAME = AppIcon;
				DEVELOPMENT_TEAM = 7D9GVK4UXP;
				INFOPLIST_FILE = MarsWeather/Info.plist;
				LD_RUNPATH_SEARCH_PATHS = "$(inherited) @executable_path/Frameworks";
				PRODUCT_BUNDLE_IDENTIFIER = it.enzoantonino.MarsWeather;
				PRODUCT_NAME = "$(TARGET_NAME)";
				SWIFT_VERSION = 3.0;
			};
			name = Release;
		};
/* End XCBuildConfiguration section */

/* Begin XCConfigurationList section */
		57940FE21F6D1DB1005F25A4 /* Build configuration list for PBXProject "MarsWeather" */ = {
			isa = XCConfigurationList;
			buildConfigurations = (
				57940FF71F6D1DB1005F25A4 /* Debug */,
				57940FF81F6D1DB1005F25A4 /* Release */,
			);
			defaultConfigurationIsVisible = 0;
			defaultConfigurationName = Release;
		};
		57940FF91F6D1DB1005F25A4 /* Build configuration list for PBXNativeTarget "MarsWeather" */ = {
			isa = XCConfigurationList;
			buildConfigurations = (
				57940FFA1F6D1DB1005F25A4 /* Debug */,
				57940FFB1F6D1DB1005F25A4 /* Release */,
			);
			defaultConfigurationIsVisible = 0;
			defaultConfigurationName = Release;
		};
/* End XCConfigurationList section */
	};
	rootObject = 57940FDF1F6D1DB1005F25A4 /* Project object */;
}
